# This file was autogenerated by Stack.
# You should not edit this file by hand.
# For more information, please see the documentation at:
#   https://docs.haskellstack.org/en/stable/lock_files

packages: []
snapshots:
- completed:
    size: 535928
    url: https://raw.githubusercontent.com/commercialhaskell/stackage-snapshots/master/lts/9/12.yaml
    sha256: 5529c3c1286caaa7c763be6fa662460d07d321e9e908f399876dfc3983a609e8
  original: lts-9.12
